// !$*UTF8*$!
{
	archiveVersion = 1;
	classes = {};
	objectVersion = 56;
	objects = {

/* Begin PBXBuildFile section */
		0B2000000000000000000000 /* LimitNotifier.swift in Sources */ = {isa = PBXBuildFile; fileRef = 0B1000000000000000000000 /* LimitNotifier.swift */; };
		0B2000000000000000000001 /* LoginItem.swift in Sources */ = {isa = PBXBuildFile; fileRef = 0B1000000000000000000001 /* LoginItem.swift */; };
		0B2000000000000000000002 /* PanelView.swift in Sources */ = {isa = PBXBuildFile; fileRef = 0B1000000000000000000002 /* PanelView.swift */; };
		0B2000000000000000000003 /* ProviderIcon.swift in Sources */ = {isa = PBXBuildFile; fileRef = 0B1000000000000000000003 /* ProviderIcon.swift */; };
		0B2000000000000000000004 /* TokenUsageApp.swift in Sources */ = {isa = PBXBuildFile; fileRef = 0B1000000000000000000004 /* TokenUsageApp.swift */; };
		0B2000000000000000000005 /* UsageModel.swift in Sources */ = {isa = PBXBuildFile; fileRef = 0B1000000000000000000005 /* UsageModel.swift */; };
		0B2000000000000000000006 /* WebUsageReader.swift in Sources */ = {isa = PBXBuildFile; fileRef = 0B1000000000000000000006 /* WebUsageReader.swift */; };
		0B0000000000000000000012 /* UsageCore in Frameworks */ = {isa = PBXBuildFile; productRef = 0B0000000000000000000011 /* UsageCore */; };
		0B3000000000000000000002 /* AppIcon.icns in Resources */ = {isa = PBXBuildFile; fileRef = 0B3000000000000000000001 /* AppIcon.icns */; };
/* End PBXBuildFile section */

/* Begin PBXFileReference section */
		0B1000000000000000000000 /* LimitNotifier.swift */ = {isa = PBXFileReference; lastKnownFileType = sourcecode.swift; name = LimitNotifier.swift; path = "Sources/TokenUsage/LimitNotifier.swift"; sourceTree = SOURCE_ROOT; };
		0B1000000000000000000001 /* LoginItem.swift */ = {isa = PBXFileReference; lastKnownFileType = sourcecode.swift; name = LoginItem.swift; path = "Sources/TokenUsage/LoginItem.swift"; sourceTree = SOURCE_ROOT; };
		0B1000000000000000000002 /* PanelView.swift */ = {isa = PBXFileReference; lastKnownFileType = sourcecode.swift; name = PanelView.swift; path = "Sources/TokenUsage/PanelView.swift"; sourceTree = SOURCE_ROOT; };
		0B1000000000000000000003 /* ProviderIcon.swift */ = {isa = PBXFileReference; lastKnownFileType = sourcecode.swift; name = ProviderIcon.swift; path = "Sources/TokenUsage/ProviderIcon.swift"; sourceTree = SOURCE_ROOT; };
		0B1000000000000000000004 /* TokenUsageApp.swift */ = {isa = PBXFileReference; lastKnownFileType = sourcecode.swift; name = TokenUsageApp.swift; path = "Sources/TokenUsage/TokenUsageApp.swift"; sourceTree = SOURCE_ROOT; };
		0B1000000000000000000005 /* UsageModel.swift */ = {isa = PBXFileReference; lastKnownFileType = sourcecode.swift; name = UsageModel.swift; path = "Sources/TokenUsage/UsageModel.swift"; sourceTree = SOURCE_ROOT; };
		0B1000000000000000000006 /* WebUsageReader.swift */ = {isa = PBXFileReference; lastKnownFileType = sourcecode.swift; name = WebUsageReader.swift; path = "Sources/TokenUsage/WebUsageReader.swift"; sourceTree = SOURCE_ROOT; };
		0B000000000000000000000F /* Info.plist */ = {isa = PBXFileReference; lastKnownFileType = text.plist.xml; path = "Xcode/Info.plist"; sourceTree = SOURCE_ROOT; };
		0B0000000000000000000005 /* TokenUsage.app */ = {isa = PBXFileReference; explicitFileType = wrapper.application; includeInIndex = 0; path = TokenUsage.app; sourceTree = BUILT_PRODUCTS_DIR; };
		0B3000000000000000000001 /* AppIcon.icns */ = {isa = PBXFileReference; lastKnownFileType = image.icns; name = AppIcon.icns; path = "Xcode/AppIcon.icns"; sourceTree = SOURCE_ROOT; };
/* End PBXFileReference section */

/* Begin PBXFrameworksBuildPhase section */
		0B0000000000000000000008 = {isa = PBXFrameworksBuildPhase; buildActionMask = 2147483647; files = (0B0000000000000000000012 /* UsageCore in Frameworks */, ); runOnlyForDeploymentPostprocessing = 0; };
/* End PBXFrameworksBuildPhase section */

/* Begin PBXGroup section */
		0B0000000000000000000002 = {isa = PBXGroup; children = (0B0000000000000000000004 /* Sources */, 0B0000000000000000000003 /* Products */, ); sourceTree = "<group>"; };
		0B0000000000000000000003 /* Products */ = {isa = PBXGroup; children = (0B0000000000000000000005 /* TokenUsage.app */, ); name = Products; sourceTree = "<group>"; };
		0B0000000000000000000004 /* Sources */ = {isa = PBXGroup; children = (0B1000000000000000000000 /* LimitNotifier.swift */, 0B1000000000000000000001 /* LoginItem.swift */, 0B1000000000000000000002 /* PanelView.swift */, 0B1000000000000000000003 /* ProviderIcon.swift */, 0B1000000000000000000004 /* TokenUsageApp.swift */, 0B1000000000000000000005 /* UsageModel.swift */, 0B1000000000000000000006 /* WebUsageReader.swift */, 0B000000000000000000000F /* Info.plist */, 0B3000000000000000000001 /* AppIcon.icns */, ); name = Sources; sourceTree = "<group>"; };
/* End PBXGroup section */

/* Begin PBXNativeTarget section */
		0B0000000000000000000001 /* TokenUsage */ = {
			isa = PBXNativeTarget;
			buildConfigurationList = 0B000000000000000000000A;
			buildPhases = (0B0000000000000000000006, 0B0000000000000000000008, 0B0000000000000000000007, );
			dependencies = ();
			name = TokenUsage;
			packageProductDependencies = (0B0000000000000000000011 /* UsageCore */, );
			productName = TokenUsage;
			productReference = 0B0000000000000000000005 /* TokenUsage.app */;
			productType = "com.apple.product-type.application";
		};
/* End PBXNativeTarget section */

/* Begin PBXProject section */
		0B0000000000000000000000 /* Project object */ = {
			isa = PBXProject;
			attributes = { BuildIndependentTargetsInParallel = 1; LastSwiftUpdateCheck = 2700; LastUpgradeCheck = 2700; };
			buildConfigurationList = 0B0000000000000000000009;
			compatibilityVersion = "Xcode 14.0";
			developmentRegion = en;
			hasScannedForEncodings = 0;
			knownRegions = (en, Base, );
			mainGroup = 0B0000000000000000000002;
			packageReferences = (0B0000000000000000000010 /* XCLocalSwiftPackageReference "." */, );
			productRefGroup = 0B0000000000000000000003 /* Products */;
			projectDirPath = "";
			projectRoot = "";
			targets = (0B0000000000000000000001 /* TokenUsage */, );
		};
/* End PBXProject section */

/* Begin PBXResourcesBuildPhase section */
		0B0000000000000000000007 = {isa = PBXResourcesBuildPhase; buildActionMask = 2147483647; files = (0B3000000000000000000002 /* AppIcon.icns in Resources */, ); runOnlyForDeploymentPostprocessing = 0; };
/* End PBXResourcesBuildPhase section */

/* Begin PBXSourcesBuildPhase section */
		0B0000000000000000000006 = {isa = PBXSourcesBuildPhase; buildActionMask = 2147483647; files = (0B2000000000000000000000 /* LimitNotifier.swift in Sources */, 0B2000000000000000000001 /* LoginItem.swift in Sources */, 0B2000000000000000000002 /* PanelView.swift in Sources */, 0B2000000000000000000003 /* ProviderIcon.swift in Sources */, 0B2000000000000000000004 /* TokenUsageApp.swift in Sources */, 0B2000000000000000000005 /* UsageModel.swift in Sources */, 0B2000000000000000000006 /* WebUsageReader.swift in Sources */, ); runOnlyForDeploymentPostprocessing = 0; };
/* End PBXSourcesBuildPhase section */

/* Begin XCBuildConfiguration section */
		0B000000000000000000000B /* Debug */ = {isa = XCBuildConfiguration; buildSettings = { MACOSX_DEPLOYMENT_TARGET = 14.0; SDKROOT = macosx; SWIFT_VERSION = 5.0; ONLY_ACTIVE_ARCH = YES; }; name = Debug; };
		0B000000000000000000000C /* Release */ = {isa = XCBuildConfiguration; buildSettings = { MACOSX_DEPLOYMENT_TARGET = 14.0; SDKROOT = macosx; SWIFT_VERSION = 5.0; }; name = Release; };
		0B000000000000000000000D /* Debug */ = {isa = XCBuildConfiguration; buildSettings = {
			PRODUCT_BUNDLE_IDENTIFIER = io.github.dongha0312.tokenusage;
			PRODUCT_NAME = TokenUsage;
			INFOPLIST_FILE = "Xcode/Info.plist";
			CODE_SIGN_STYLE = Automatic;
			DEVELOPMENT_TEAM = "$(TOKENUSAGE_TEAM_ID)";
			SWIFT_VERSION = 5.0;
			ENABLE_HARDENED_RUNTIME = YES;
		}; name = Debug; };
		0B000000000000000000000E /* Release */ = {isa = XCBuildConfiguration; buildSettings = {
			PRODUCT_BUNDLE_IDENTIFIER = io.github.dongha0312.tokenusage;
			PRODUCT_NAME = TokenUsage;
			INFOPLIST_FILE = "Xcode/Info.plist";
			CODE_SIGN_STYLE = Automatic;
			DEVELOPMENT_TEAM = "$(TOKENUSAGE_TEAM_ID)";
			SWIFT_VERSION = 5.0;
			ENABLE_HARDENED_RUNTIME = YES;
		}; name = Release; };
/* End XCBuildConfiguration section */

/* Begin XCConfigurationList section */
		0B0000000000000000000009 = {isa = XCConfigurationList; buildConfigurations = (0B000000000000000000000B, 0B000000000000000000000C, ); defaultConfigurationIsVisible = 0; defaultConfigurationName = Release; };
		0B000000000000000000000A = {isa = XCConfigurationList; buildConfigurations = (0B000000000000000000000D, 0B000000000000000000000E, ); defaultConfigurationIsVisible = 0; defaultConfigurationName = Release; };
/* End XCConfigurationList section */

/* Begin XCLocalSwiftPackageReference section */
		0B0000000000000000000010 /* XCLocalSwiftPackageReference "." */ = {isa = XCLocalSwiftPackageReference; relativePath = .; };
/* End XCLocalSwiftPackageReference section */

/* Begin XCSwiftPackageProductDependency section */
		0B0000000000000000000011 /* UsageCore */ = {isa = XCSwiftPackageProductDependency; productName = UsageCore; };
/* End XCSwiftPackageProductDependency section */
	};
	rootObject = 0B0000000000000000000000 /* Project object */;
}
